
Microsoft Visual Studio Solution File, Format Version 12.00
# Visual Studio Version 16
VisualStudioVersion = 16.0.32228.343
MinimumVisualStudioVersion = 10.0.40219.1
Project("{9A19103F-16F7-4668-BE54-9A1E7A4F7556}") = "Weather.Core", "Weather.Core\Weather.Core.csproj", "{E397076A-88AB-41A8-87DB-4B85416DB067}"
EndProject
Project("{9A19103F-16F7-4668-BE54-9A1E7A4F7556}") = "Weather.WebAPI.ASP.NET Core", "Weather.WebAPI.ASP.NET Core\Weather.WebAPI.ASP.NET Core.csproj", "{F7E9CD95-D9E2-4D80-8E03-18F28343EC3A}"
EndProject
Project("{9A19103F-16F7-4668-BE54-9A1E7A4F7556}") = "Weather.Parser.ConsoleApp", "Weather.Parser.ConsoleApp\Weather.Parser.ConsoleApp.csproj", "{270BF59A-0B0D-4E7D-91A2-2C8876C4102C}"
EndProject
Project("{FAE04EC0-301F-11D3-BF4B-00C04F79EFBC}") = "Weather.Parser.Gismeteo", "Weather.Parser.Gismeteo\Weather.Parser.Gismeteo.csproj", "{DE88B6C9-16F7-441F-B338-488D29344654}"
EndProject
Global
	GlobalSection(SolutionConfigurationPlatforms) = preSolution
		Debug|Any CPU = Debug|Any CPU
		Release|Any CPU = Release|Any CPU
	EndGlobalSection
	GlobalSection(ProjectConfigurationPlatforms) = postSolution
		{E397076A-88AB-41A8-87DB-4B85416DB067}.Debug|Any CPU.ActiveCfg = Debug|Any CPU
		{E397076A-88AB-41A8-87DB-4B85416DB067}.Debug|Any CPU.Build.0 = Debug|Any CPU
		{E397076A-88AB-41A8-87DB-4B85416DB067}.Release|Any CPU.ActiveCfg = Release|Any CPU
		{E397076A-88AB-41A8-87DB-4B85416DB067}.Release|Any CPU.Build.0 = Release|Any CPU
		{F7E9CD95-D9E2-4D80-8E03-18F28343EC3A}.Debug|Any CPU.ActiveCfg = Debug|Any CPU
		{F7E9CD95-D9E2-4D80-8E03-18F28343EC3A}.Debug|Any CPU.Build.0 = Debug|Any CPU
		{F7E9CD95-D9E2-4D80-8E03-18F28343EC3A}.Release|Any CPU.ActiveCfg = Release|Any CPU
		{F7E9CD95-D9E2-4D80-8E03-18F28343EC3A}.Release|Any CPU.Build.0 = Release|Any CPU
		{270BF59A-0B0D-4E7D-91A2-2C8876C4102C}.Debug|Any CPU.ActiveCfg = Debug|Any CPU
		{270BF59A-0B0D-4E7D-91A2-2C8876C4102C}.Debug|Any CPU.Build.0 = Debug|Any CPU
		{270BF59A-0B0D-4E7D-91A2-2C8876C4102C}.Release|Any CPU.ActiveCfg = Release|Any CPU
		{270BF59A-0B0D-4E7D-91A2-2C8876C4102C}.Release|Any CPU.Build.0 = Release|Any CPU
		{DE88B6C9-16F7-441F-B338-488D29344654}.Debug|Any CPU.ActiveCfg = Debug|Any CPU
		{DE88B6C9-16F7-441F-B338-488D29344654}.Debug|Any CPU.Build.0 = Debug|Any CPU
		{DE88B6C9-16F7-441F-B338-488D29344654}.Release|Any CPU.ActiveCfg = Release|Any CPU
		{DE88B6C9-16F7-441F-B338-488D29344654}.Release|Any CPU.Build.0 = Release|Any CPU
	EndGlobalSection
	GlobalSection(SolutionProperties) = preSolution
		HideSolutionNode = FALSE
	EndGlobalSection
	GlobalSection(ExtensibilityGlobals) = postSolution
		SolutionGuid = {EA43223C-72A5-41D3-BFD5-213E07BE43D0}
	EndGlobalSection
EndGlobal
